{
  "name": "substack-reader",
  "version": "1.0.0",
  "lockfileVersion": 1,
  "requires": true,
  "dependencies": {
    "chrome-types": {
      "version": "0.1.310",
      "resolved": "https://registry.npmjs.org/chrome-types/-/chrome-types-0.1.310.tgz",
      "integrity": "sha512-ecHZ2b9+WCOLlxew82dFb/4Rn8jyOgxekCGt/uYXNL6eASVqFT/ydpHBMeu08uj9vLXRx7dCF585F5B9NoecQA=="
    }
  }
}
